lockfileVersion: '9.0'

settings:
  autoInstallPeers: true
  excludeLinksFromLockfile: false

importers:

  .:
    dependencies:
      '@tsconfig/recommended':
        specifier: ^1.0.0
        version: 1.0.13
      '@tsconfig/strictest':
        specifier: ^2.0.0
        version: 2.0.8
      '@tsconfig/vite-react':
        specifier: ^7.0.0
        version: 7.0.2
    devDependencies:
      typescript:
        specifier: ^6.0.2
        version: 6.0.2

packages:

  '@tsconfig/recommended@1.0.13':
    resolution: {integrity: sha512-sySRuBfMKyKO/j2ZAhR8kSembhjuPEV4Ra3AHtmWLq51+iGaudr45crPSzNC5b7/Ctrh9dfUpBuTlYrH6rM58Q==}

  '@tsconfig/strictest@2.0.8':
    resolution: {integrity: sha512-XnQ7vNz5HRN0r88GYf1J9JJjqtZPiHt2woGJOo2dYqyHGGcd6OLGqSlBB6p1j9mpzja6Oe5BoPqWmeDx6X9rLw==}

  '@tsconfig/vite-react@7.0.2':
    resolution: {integrity: sha512-lEj4y5SPRcH+bjw0tyuxrEnPqQUwfQzBKgd1YamD9xyet9zLwh2gwy5F8w/Nxg5DjdgYVjjKo5aLJUf0BTDz4w==}

  typescript@6.0.2:
    resolution: {integrity: sha512-bGdAIrZ0wiGDo5l8c++HWtbaNCWTS4UTv7RaTH/ThVIgjkveJt83m74bBHMJkuCbslY8ixgLBVZJIOiQlQTjfQ==}
    engines: {node: '>=14.17'}
    hasBin: true

snapshots:

  '@tsconfig/recommended@1.0.13': {}

  '@tsconfig/strictest@2.0.8': {}

  '@tsconfig/vite-react@7.0.2': {}

  typescript@6.0.2: {}
